# This file is automatically @generated by Cargo.
# It is not intended for manual editing.
version = 4

[[package]]
name = "dora-gst-webrtc-sink"
version = "0.1.0"
dependencies = [
 "dora-rs",
]

[[package]]
name = "dora-rs"
version = "0.1.0"
source = "registry+https://github.com/rust-lang/crates.io-index"
checksum = "e1306da1e09e897e4b9ce7d062f098dca876b34be6bb9a4570909c75573146ac"
